# THIS IS AN AUTOGENERATED FILE. DO NOT EDIT THIS FILE DIRECTLY.
# yarn lockfile v1


husky@^8.0.0:
  version "8.0.0"
  resolved "https://registry.yarnpkg.com/husky/-/husky-8.0.0.tgz#65b2d94765199d651615716a42ea52f3c2d997a0"
  integrity sha512-4qbE/5dzNDNxFEkX9MNRPKl5+omTXQzdILCUWiqG/lWIAioiM5vln265/l6I2Zx8gpW8l1ukZwGQeCFbBZ6+6w==
